
Microsoft Visual Studio Solution File, Format Version 12.00
# Visual Studio Version 17
VisualStudioVersion = 17.4.33403.182
MinimumVisualStudioVersion = 10.0.40219.1
Project("{FAE04EC0-301F-11D3-BF4B-00C04F79EFBC}") = "functions-extra", "functions-extra\functions-extra.csproj", "{14D338EE-3A2B-42F2-A675-0D7C10BAB3D2}"
EndProject
Global
	GlobalSection(SolutionConfigurationPlatforms) = preSolution
		Debug|Any CPU = Debug|Any CPU
		Release|Any CPU = Release|Any CPU
	EndGlobalSection
	GlobalSection(ProjectConfigurationPlatforms) = postSolution
		{14D338EE-3A2B-42F2-A675-0D7C10BAB3D2}.Debug|Any CPU.ActiveCfg = Debug|Any CPU
		{14D338EE-3A2B-42F2-A675-0D7C10BAB3D2}.Debug|Any CPU.Build.0 = Debug|Any CPU
		{14D338EE-3A2B-42F2-A675-0D7C10BAB3D2}.Release|Any CPU.ActiveCfg = Release|Any CPU
		{14D338EE-3A2B-42F2-A675-0D7C10BAB3D2}.Release|Any CPU.Build.0 = Release|Any CPU
	EndGlobalSection
	GlobalSection(SolutionProperties) = preSolution
		HideSolutionNode = FALSE
	EndGlobalSection
	GlobalSection(ExtensibilityGlobals) = postSolution
		SolutionGuid = {BB3B1B00-2AA7-49E0-84FC-008FF1AD43F4}
	EndGlobalSection
EndGlobal
